
Microsoft Visual Studio Solution File, Format Version 12.00
# Visual Studio Version 16
VisualStudioVersion = 16.0.32228.343
MinimumVisualStudioVersion = 10.0.40219.1
Project("{8BC9CEB8-8B4A-11D0-8D11-00A0C91BC942}") = "AmericanCheckers", "WesternCheckers\WesternCheckers.vcxproj", "{B3D368A2-B5D5-4B31-A44E-CA37F4A0EA14}"
EndProject
Global
	GlobalSection(SolutionConfigurationPlatforms) = preSolution
		Debug|x64 = Debug|x64
		Debug|x86 = Debug|x86
		Release|x64 = Release|x64
		Release|x86 = Release|x86
	EndGlobalSection
	GlobalSection(ProjectConfigurationPlatforms) = postSolution
		{B3D368A2-B5D5-4B31-A44E-CA37F4A0EA14}.Debug|x64.ActiveCfg = Debug|x64
		{B3D368A2-B5D5-4B31-A44E-CA37F4A0EA14}.Debug|x64.Build.0 = Debug|x64
		{B3D368A2-B5D5-4B31-A44E-CA37F4A0EA14}.Debug|x86.ActiveCfg = Debug|Win32
		{B3D368A2-B5D5-4B31-A44E-CA37F4A0EA14}.Debug|x86.Build.0 = Debug|Win32
		{B3D368A2-B5D5-4B31-A44E-CA37F4A0EA14}.Release|x64.ActiveCfg = Release|x64
		{B3D368A2-B5D5-4B31-A44E-CA37F4A0EA14}.Release|x64.Build.0 = Release|x64
		{B3D368A2-B5D5-4B31-A44E-CA37F4A0EA14}.Release|x86.ActiveCfg = Release|Win32
		{B3D368A2-B5D5-4B31-A44E-CA37F4A0EA14}.Release|x86.Build.0 = Release|Win32
	EndGlobalSection
	GlobalSection(SolutionProperties) = preSolution
		HideSolutionNode = FALSE
	EndGlobalSection
	GlobalSection(ExtensibilityGlobals) = postSolution
		SolutionGuid = {2C152D6E-335B-4935-957B-CAA5931E9F8F}
	EndGlobalSection
EndGlobal
